// !$*UTF8*$!
{
	archiveVersion = 1;
	classes = {
	};
	objectVersion = 50;
	objects = {

/* Begin PBXBuildFile section */
		A009F79621533C8000AF0478 /* User.swift in Sources */ = {isa = PBXBuildFile; fileRef = A009F79521533C8000AF0478 /* User.swift */; };
		A009F799215359EF00AF0478 /* LoginViewController.swift in Sources */ = {isa = PBXBuildFile; fileRef = A009F798215359EF00AF0478 /* LoginViewController.swift */; };
		A00E30EC213392E900FAECE3 /* AppDelegate.swift in Sources */ = {isa = PBXBuildFile; fileRef = A00E30EB213392E900FAECE3 /* AppDelegate.swift */; };
		A00E30EE213392E900FAECE3 /* ViewController.swift in Sources */ = {isa = PBXBuildFile; fileRef = A00E30ED213392E900FAECE3 /* ViewController.swift */; };
		A00E30F1213392EA00FAECE3 /* Main.storyboard in Resources */ = {isa = PBXBuildFile; fileRef = A00E30EF213392EA00FAECE3 /* Main.storyboard */; };
		A00E30F3213392EE00FAECE3 /* Assets.xcassets in Resources */ = {isa = PBXBuildFile; fileRef = A00E30F2213392EE00FAECE3 /* Assets.xcassets */; };
		A00E30F6213392EE00FAECE3 /* LaunchScreen.storyboard in Resources */ = {isa = PBXBuildFile; fileRef = A00E30F4213392EE00FAECE3 /* LaunchScreen.storyboard */; };
		A00E3101213392EF00FAECE3 /* OutdoorSpacesTests.swift in Sources */ = {isa = PBXBuildFile; fileRef = A00E3100213392EF00FAECE3 /* OutdoorSpacesTests.swift */; };
		A02107DA21484447009ECBAC /* LocationDetailViewController.swift in Sources */ = {isa = PBXBuildFile; fileRef = A02107D921484447009ECBAC /* LocationDetailViewController.swift */; };
		A02107DC214C617B009ECBAC /* MapViewController.swift in Sources */ = {isa = PBXBuildFile; fileRef = A02107DB214C617B009ECBAC /* MapViewController.swift */; };
		A03A64DF2165DCB400E449C5 /* SettingsTableViewController.swift in Sources */ = {isa = PBXBuildFile; fileRef = A03A64DE2165DCB400E449C5 /* SettingsTableViewController.swift */; };
		A03A64E121673C4700E449C5 /* RegisterViewController.swift in Sources */ = {isa = PBXBuildFile; fileRef = A03A64E021673C4700E449C5 /* RegisterViewController.swift */; };
		A03A64E321673F9E00E449C5 /* Utilities.swift in Sources */ = {isa = PBXBuildFile; fileRef = A03A64E221673F9E00E449C5 /* Utilities.swift */; };
/* End PBXBuildFile section */

/* Begin PBXContainerItemProxy section */
		A00E30FD213392EF00FAECE3 /* PBXContainerItemProxy */ = {
			isa = PBXContainerItemProxy;
			containerPortal = A00E30E0213392E900FAECE3 /* Project object */;
			proxyType = 1;
			remoteGlobalIDString = A00E30E7213392E900FAECE3;
			remoteInfo = OutdoorSpaces;
		};
/* End PBXContainerItemProxy section */

/* Begin PBXFileReference section */
		A009F79521533C8000AF0478 /* User.swift */ = {isa = PBXFileReference; lastKnownFileType = sourcecode.swift; path = User.swift; sourceTree = "<group>"; };
		A009F798215359EF00AF0478 /* LoginViewController.swift */ = {isa = PBXFileReference; lastKnownFileType = sourcecode.swift; path = LoginViewController.swift; sourceTree = "<group>"; };
		A00E30E8213392E900FAECE3 /* OutdoorSpaces.app */ = {isa = PBXFileReference; explicitFileType = wrapper.application; includeInIndex = 0; path = OutdoorSpaces.app; sourceTree = BUILT_PRODUCTS_DIR; };
		A00E30EB213392E900FAECE3 /* AppDelegate.swift */ = {isa = PBXFileReference; lastKnownFileType = sourcecode.swift; path = AppDelegate.swift; sourceTree = "<group>"; };
		A00E30ED213392E900FAECE3 /* ViewController.swift */ = {isa = PBXFileReference; lastKnownFileType = sourcecode.swift; path = ViewController.swift; sourceTree = "<group>"; };
		A00E30F0213392EA00FAECE3 /* Base */ = {isa = PBXFileReference; lastKnownFileType = file.storyboard; name = Base; path = Base.lproj/Main.storyboard; sourceTree = "<group>"; };
		A00E30F2213392EE00FAECE3 /* Assets.xcassets */ = {isa = PBXFileReference; lastKnownFileType = folder.assetcatalog; path = Assets.xcassets; sourceTree = "<group>"; };
		A00E30F5213392EE00FAECE3 /* Base */ = {isa = PBXFileReference; lastKnownFileType = file.storyboard; name = Base; path = Base.lproj/LaunchScreen.storyboard; sourceTree = "<group>"; };
		A00E30F7213392EE00FAECE3 /* Info.plist */ = {isa = PBXFileReference; lastKnownFileType = text.plist.xml; path = Info.plist; sourceTree = "<group>"; };
		A00E30FC213392EF00FAECE3 /* OutdoorSpacesTests.xctest */ = {isa = PBXFileReference; explicitFileType = wrapper.cfbundle; includeInIndex = 0; path = OutdoorSpacesTests.xctest; sourceTree = BUILT_PRODUCTS_DIR; };
		A00E3100213392EF00FAECE3 /* OutdoorSpacesTests.swift */ = {isa = PBXFileReference; lastKnownFileType = sourcecode.swift; path = OutdoorSpacesTests.swift; sourceTree = "<group>"; };
		A00E3102213392EF00FAECE3 /* Info.plist */ = {isa = PBXFileReference; lastKnownFileType = text.plist.xml; path = Info.plist; sourceTree = "<group>"; };
		A02107D921484447009ECBAC /* LocationDetailViewController.swift */ = {isa = PBXFileReference; lastKnownFileType = sourcecode.swift; path = LocationDetailViewController.swift; sourceTree = "<group>"; };
		A02107DB214C617B009ECBAC /* MapViewController.swift */ = {isa = PBXFileReference; lastKnownFileType = sourcecode.swift; path = MapViewController.swift; sourceTree = "<group>"; };
		A03A64DE2165DCB400E449C5 /* SettingsTableViewController.swift */ = {isa = PBXFileReference; lastKnownFileType = sourcecode.swift; path = SettingsTableViewController.swift; sourceTree = "<group>"; };
		A03A64E021673C4700E449C5 /* RegisterViewController.swift */ = {isa = PBXFileReference; lastKnownFileType = sourcecode.swift; path = RegisterViewController.swift; sourceTree = "<group>"; };
		A03A64E221673F9E00E449C5 /* Utilities.swift */ = {isa = PBXFileReference; lastKnownFileType = sourcecode.swift; path = Utilities.swift; sourceTree = "<group>"; };
/* End PBXFileReference section */

/* Begin PBXFrameworksBuildPhase section */
		A00E30E5213392E900FAECE3 /* Frameworks */ = {
			isa = PBXFrameworksBuildPhase;
			buildActionMask = 2147483647;
			files = (
			);
			runOnlyForDeploymentPostprocessing = 0;
		};
		A00E30F9213392EF00FAECE3 /* Frameworks */ = {
			isa = PBXFrameworksBuildPhase;
			buildActionMask = 2147483647;
			files = (
			);
			runOnlyForDeploymentPostprocessing = 0;
		};
/* End PBXFrameworksBuildPhase section */

/* Begin PBXGroup section */
		A00E30DF213392E900FAECE3 = {
			isa = PBXGroup;
			children = (
				A00E30EA213392E900FAECE3 /* OutdoorSpaces */,
				A00E30FF213392EF00FAECE3 /* OutdoorSpacesTests */,
				A00E30E9213392E900FAECE3 /* Products */,
			);
			sourceTree = "<group>";
		};
		A00E30E9213392E900FAECE3 /* Products */ = {
			isa = PBXGroup;
			children = (
				A00E30E8213392E900FAECE3 /* OutdoorSpaces.app */,
				A00E30FC213392EF00FAECE3 /* OutdoorSpacesTests.xctest */,
			);
			name = Products;
			sourceTree = "<group>";
		};
		A00E30EA213392E900FAECE3 /* OutdoorSpaces */ = {
			isa = PBXGroup;
			children = (
				A00E30EB213392E900FAECE3 /* AppDelegate.swift */,
				A00E30ED213392E900FAECE3 /* ViewController.swift */,
				A02107D921484447009ECBAC /* LocationDetailViewController.swift */,
				A02107DB214C617B009ECBAC /* MapViewController.swift */,
				A009F798215359EF00AF0478 /* LoginViewController.swift */,
				A03A64E021673C4700E449C5 /* RegisterViewController.swift */,
				A03A64E221673F9E00E449C5 /* Utilities.swift */,
				A03A64DE2165DCB400E449C5 /* SettingsTableViewController.swift */,
				A009F79521533C8000AF0478 /* User.swift */,
				A00E30EF213392EA00FAECE3 /* Main.storyboard */,
				A00E30F2213392EE00FAECE3 /* Assets.xcassets */,
				A00E30F4213392EE00FAECE3 /* LaunchScreen.storyboard */,
				A00E30F7213392EE00FAECE3 /* Info.plist */,
			);
			path = OutdoorSpaces;
			sourceTree = "<group>";
		};
		A00E30FF213392EF00FAECE3 /* OutdoorSpacesTests */ = {
			isa = PBXGroup;
			children = (
				A00E3100213392EF00FAECE3 /* OutdoorSpacesTests.swift */,
				A00E3102213392EF00FAECE3 /* Info.plist */,
			);
			path = OutdoorSpacesTests;
			sourceTree = "<group>";
		};
/* End PBXGroup section */

/* Begin PBXNativeTarget section */
		A00E30E7213392E900FAECE3 /* OutdoorSpaces */ = {
			isa = PBXNativeTarget;
			buildConfigurationList = A00E3105213392EF00FAECE3 /* Build configuration list for PBXNativeTarget "OutdoorSpaces" */;
			buildPhases = (
				A00E30E4213392E900FAECE3 /* Sources */,
				A00E30E5213392E900FAECE3 /* Frameworks */,
				A00E30E6213392E900FAECE3 /* Resources */,
			);
			buildRules = (
			);
			dependencies = (
			);
			name = OutdoorSpaces;
			productName = OutdoorSpaces;
			productReference = A00E30E8213392E900FAECE3 /* OutdoorSpaces.app */;
			productType = "com.apple.product-type.application";
		};
		A00E30FB213392EF00FAECE3 /* OutdoorSpacesTests */ = {
			isa = PBXNativeTarget;
			buildConfigurationList = A00E3108213392EF00FAECE3 /* Build configuration list for PBXNativeTarget "OutdoorSpacesTests" */;
			buildPhases = (
				A00E30F8213392EF00FAECE3 /* Sources */,
				A00E30F9213392EF00FAECE3 /* Frameworks */,
				A00E30FA213392EF00FAECE3 /* Resources */,
			);
			buildRules = (
			);
			dependencies = (
				A00E30FE213392EF00FAECE3 /* PBXTargetDependency */,
			);
			name = OutdoorSpacesTests;
			productName = OutdoorSpacesTests;
			productReference = A00E30FC213392EF00FAECE3 /* OutdoorSpacesTests.xctest */;
			productType = "com.apple.product-type.bundle.unit-test";
		};
/* End PBXNativeTarget section */

/* Begin PBXProject section */
		A00E30E0213392E900FAECE3 /* Project object */ = {
			isa = PBXProject;
			attributes = {
				LastSwiftUpdateCheck = 0940;
				LastUpgradeCheck = 0940;
				ORGANIZATIONNAME = "Sandbox Apps";
				TargetAttributes = {
					A00E30E7213392E900FAECE3 = {
						CreatedOnToolsVersion = 9.4.1;
					};
					A00E30FB213392EF00FAECE3 = {
						CreatedOnToolsVersion = 9.4.1;
						TestTargetID = A00E30E7213392E900FAECE3;
					};
				};
			};
			buildConfigurationList = A00E30E3213392E900FAECE3 /* Build configuration list for PBXProject "OutdoorSpaces" */;
			compatibilityVersion = "Xcode 9.3";
			developmentRegion = en;
			hasScannedForEncodings = 0;
			knownRegions = (
				en,
				Base,
			);
			mainGroup = A00E30DF213392E900FAECE3;
			productRefGroup = A00E30E9213392E900FAECE3 /* Products */;
			projectDirPath = "";
			projectRoot = "";
			targets = (
				A00E30E7213392E900FAECE3 /* OutdoorSpaces */,
				A00E30FB213392EF00FAECE3 /* OutdoorSpacesTests */,
			);
		};
/* End PBXProject section */

/* Begin PBXResourcesBuildPhase section */
		A00E30E6213392E900FAECE3 /* Resources */ = {
			isa = PBXResourcesBuildPhase;
			buildActionMask = 2147483647;
			files = (
				A00E30F6213392EE00FAECE3 /* LaunchScreen.storyboard in Resources */,
				A00E30F3213392EE00FAECE3 /* Assets.xcassets in Resources */,
				A00E30F1213392EA00FAECE3 /* Main.storyboard in Resources */,
			);
			runOnlyForDeploymentPostprocessing = 0;
		};
		A00E30FA213392EF00FAECE3 /* Resources */ = {
			isa = PBXResourcesBuildPhase;
			buildActionMask = 2147483647;
			files = (
			);
			runOnlyForDeploymentPostprocessing = 0;
		};
/* End PBXResourcesBuildPhase section */

/* Begin PBXSourcesBuildPhase section */
		A00E30E4213392E900FAECE3 /* Sources */ = {
			isa = PBXSourcesBuildPhase;
			buildActionMask = 2147483647;
			files = (
				A009F799215359EF00AF0478 /* LoginViewController.swift in Sources */,
				A00E30EE213392E900FAECE3 /* ViewController.swift in Sources */,
				A02107DA21484447009ECBAC /* LocationDetailViewController.swift in Sources */,
				A03A64E121673C4700E449C5 /* RegisterViewController.swift in Sources */,
				A00E30EC213392E900FAECE3 /* AppDelegate.swift in Sources */,
				A009F79621533C8000AF0478 /* User.swift in Sources */,
				A03A64E321673F9E00E449C5 /* Utilities.swift in Sources */,
				A02107DC214C617B009ECBAC /* MapViewController.swift in Sources */,
				A03A64DF2165DCB400E449C5 /* SettingsTableViewController.swift in Sources */,
			);
			runOnlyForDeploymentPostprocessing = 0;
		};
		A00E30F8213392EF00FAECE3 /* Sources */ = {
			isa = PBXSourcesBuildPhase;
			buildActionMask = 2147483647;
			files = (
				A00E3101213392EF00FAECE3 /* OutdoorSpacesTests.swift in Sources */,
			);
			runOnlyForDeploymentPostprocessing = 0;
		};
/* End PBXSourcesBuildPhase section */

/* Begin PBXTargetDependency section */
		A00E30FE213392EF00FAECE3 /* PBXTargetDependency */ = {
			isa = PBXTargetDependency;
			target = A00E30E7213392E900FAECE3 /* OutdoorSpaces */;
			targetProxy = A00E30FD213392EF00FAECE3 /* PBXContainerItemProxy */;
		};
/* End PBXTargetDependency section */

/* Begin PBXVariantGroup section */
		A00E30EF213392EA00FAECE3 /* Main.storyboard */ = {
			isa = PBXVariantGroup;
			children = (
				A00E30F0213392EA00FAECE3 /* Base */,
			);
			name = Main.storyboard;
			sourceTree = "<group>";
		};
		A00E30F4213392EE00FAECE3 /* LaunchScreen.storyboard */ = {
			isa = PBXVariantGroup;
			children = (
				A00E30F5213392EE00FAECE3 /* Base */,
			);
			name = LaunchScreen.storyboard;
			sourceTree = "<group>";
		};
/* End PBXVariantGroup section */

/* Begin XCBuildConfiguration section */
		A00E3103213392EF00FAECE3 /* Debug */ = {
			isa = XCBuildConfiguration;
			buildSettings = {
				ALWAYS_SEARCH_USER_PATHS = NO;
				CLANG_ANALYZER_NONNULL = YES;
				CLANG_ANALYZER_NUMBER_OBJECT_CONVERSION = YES_AGGRESSIVE;
				CLANG_CXX_LANGUAGE_STANDARD = "gnu++14";
				CLANG_CXX_LIBRARY = "libc++";
				CLANG_ENABLE_MODULES = YES;
				CLANG_ENABLE_OBJC_ARC = YES;
				CLANG_ENABLE_OBJC_WEAK = YES;
				CLANG_WARN_BLOCK_CAPTURE_AUTORELEASING = YES;
				CLANG_WARN_BOOL_CONVERSION = YES;
				CLANG_WARN_COMMA = YES;
				CLANG_WARN_CONSTANT_CONVERSION = YES;
				CLANG_WARN_DEPRECATED_OBJC_IMPLEMENTATIONS = YES;
				CLANG_WARN_DIRECT_OBJC_ISA_USAGE = YES_ERROR;
				CLANG_WARN_DOCUMENTATION_COMMENTS = YES;
				CLANG_WARN_EMPTY_BODY = YES;
				CLANG_WARN_ENUM_CONVERSION = YES;
				CLANG_WARN_INFINITE_RECURSION = YES;
				CLANG_WARN_INT_CONVERSION = YES;
				CLANG_WARN_NON_LITERAL_NULL_CONVERSION = YES;
				CLANG_WARN_OBJC_IMPLICIT_RETAIN_SELF = YES;
				CLANG_WARN_OBJC_LITERAL_CONVERSION = YES;
				CLANG_WARN_OBJC_ROOT_CLASS = YES_ERROR;
				CLANG_WARN_RANGE_LOOP_ANALYSIS = YES;
				CLANG_WARN_STRICT_PROTOTYPES = YES;
				CLANG_WARN_SUSPICIOUS_MOVE = YES;
				CLANG_WARN_UNGUARDED_AVAILABILITY = YES_AGGRESSIVE;
				CLANG_WARN_UNREACHABLE_CODE = YES;
				CLANG_WARN__DUPLICATE_METHOD_MATCH = YES;
				CODE_SIGN_IDENTITY = "iPhone Developer";
				COPY_PHASE_STRIP = NO;
				DEBUG_INFORMATION_FORMAT = dwarf;
				ENABLE_STRICT_OBJC_MSGSEND = YES;
				ENABLE_TESTABILITY = YES;
				GCC_C_LANGUAGE_STANDARD = gnu11;
				GCC_DYNAMIC_NO_PIC = NO;
				GCC_NO_COMMON_BLOCKS = YES;
				GCC_OPTIMIZATION_LEVEL = 0;
				GCC_PREPROCESSOR_DEFINITIONS = (
					"DEBUG=1",
					"$(inherited)",
				);
				GCC_WARN_64_TO_32_BIT_CONVERSION = YES;
				GCC_WARN_ABOUT_RETURN_TYPE = YES_ERROR;
				GCC_WARN_UNDECLARED_SELECTOR = YES;
				GCC_WARN_UNINITIALIZED_AUTOS = YES_AGGRESSIVE;
				GCC_WARN_UNUSED_FUNCTION = YES;
				GCC_WARN_UNUSED_VARIABLE = YES;
				IPHONEOS_DEPLOYMENT_TARGET = 11.4;
				MTL_ENABLE_DEBUG_INFO = YES;
				ONLY_ACTIVE_ARCH = YES;
				SDKROOT = iphoneos;
				SWIFT_ACTIVE_COMPILATION_CONDITIONS = DEBUG;
				SWIFT_OPTIMIZATION_LEVEL = "-Onone";
			};
			name = Debug;
		};
		A00E3104213392EF00FAECE3 /* Release */ = {
			isa = XCBuildConfiguration;
			buildSettings = {
				ALWAYS_SEARCH_USER_PATHS = NO;
				CLANG_ANALYZER_NONNULL = YES;
				CLANG_ANALYZER_NUMBER_OBJECT_CONVERSION = YES_AGGRESSIVE;
				CLANG_CXX_LANGUAGE_STANDARD = "gnu++14";
				CLANG_CXX_LIBRARY = "libc++";
				CLANG_ENABLE_MODULES = YES;
				CLANG_ENABLE_OBJC_ARC = YES;
				CLANG_ENABLE_OBJC_WEAK = YES;
				CLANG_WARN_BLOCK_CAPTURE_AUTORELEASING = YES;
				CLANG_WARN_BOOL_CONVERSION = YES;
				CLANG_WARN_COMMA = YES;
				CLANG_WARN_CONSTANT_CONVERSION = YES;
				CLANG_WARN_DEPRECATED_OBJC_IMPLEMENTATIONS = YES;
				CLANG_WARN_DIRECT_OBJC_ISA_USAGE = YES_ERROR;
				CLANG_WARN_DOCUMENTATION_COMMENTS = YES;
				CLANG_WARN_EMPTY_BODY = YES;
				CLANG_WARN_ENUM_CONVERSION = YES;
				CLANG_WARN_INFINITE_RECURSION = YES;
				CLANG_WARN_INT_CONVERSION = YES;
				CLANG_WARN_NON_LITERAL_NULL_CONVERSION = YES;
				CLANG_WARN_OBJC_IMPLICIT_RETAIN_SELF = YES;
				CLANG_WARN_OBJC_LITERAL_CONVERSION = YES;
				CLANG_WARN_OBJC_ROOT_CLASS = YES_ERROR;
				CLANG_WARN_RANGE_LOOP_ANALYSIS = YES;
				CLANG_WARN_STRICT_PROTOTYPES = YES;
				CLANG_WARN_SUSPICIOUS_MOVE = YES;
				CLANG_WARN_UNGUARDED_AVAILABILITY = YES_AGGRESSIVE;
				CLANG_WARN_UNREACHABLE_CODE = YES;
				CLANG_WARN__DUPLICATE_METHOD_MATCH = YES;
				CODE_SIGN_IDENTITY = "iPhone Developer";
				COPY_PHASE_STRIP = NO;
				DEBUG_INFORMATION_FORMAT = "dwarf-with-dsym";
				ENABLE_NS_ASSERTIONS = NO;
				ENABLE_STRICT_OBJC_MSGSEND = YES;
				GCC_C_LANGUAGE_STANDARD = gnu11;
				GCC_NO_COMMON_BLOCKS = YES;
				GCC_WARN_64_TO_32_BIT_CONVERSION = YES;
				GCC_WARN_ABOUT_RETURN_TYPE = YES_ERROR;
				GCC_WARN_UNDECLARED_SELECTOR = YES;
				GCC_WARN_UNINITIALIZED_AUTOS = YES_AGGRESSIVE;
				GCC_WARN_UNUSED_FUNCTION = YES;
				GCC_WARN_UNUSED_VARIABLE = YES;
				IPHONEOS_DEPLOYMENT_TARGET = 11.4;
				MTL_ENABLE_DEBUG_INFO = NO;
				SDKROOT = iphoneos;
				SWIFT_COMPILATION_MODE = wholemodule;
				SWIFT_OPTIMIZATION_LEVEL = "-O";
				VALIDATE_PRODUCT = YES;
			};
			name = Release;
		};
		A00E3106213392EF00FAECE3 /* Debug */ = {
			isa = XCBuildConfiguration;
			buildSettings = {
				ASSETCATALOG_COMPILER_APPICON_NAME = AppIcon;
				CODE_SIGN_STYLE = Automatic;
				DEVELOPMENT_TEAM = PNR5NT93ZA;
				INFOPLIST_FILE = OutdoorSpaces/Info.plist;
				LD_RUNPATH_SEARCH_PATHS = (
					"$(inherited)",
					"@executable_path/Frameworks",
				);
				PRODUCT_BUNDLE_IDENTIFIER = com.SandboxApps.OutdoorSpaces;
				PRODUCT_NAME = "$(TARGET_NAME)";
				SWIFT_VERSION = 4.0;
				TARGETED_DEVICE_FAMILY = "1,2";
			};
			name = Debug;
		};
		A00E3107213392EF00FAECE3 /* Release */ = {
			isa = XCBuildConfiguration;
			buildSettings = {
				ASSETCATALOG_COMPILER_APPICON_NAME = AppIcon;
				CODE_SIGN_STYLE = Automatic;
				DEVELOPMENT_TEAM = PNR5NT93ZA;
				INFOPLIST_FILE = OutdoorSpaces/Info.plist;
				LD_RUNPATH_SEARCH_PATHS = (
					"$(inherited)",
					"@executable_path/Frameworks",
				);
				PRODUCT_BUNDLE_IDENTIFIER = com.SandboxApps.OutdoorSpaces;
				PRODUCT_NAME = "$(TARGET_NAME)";
				SWIFT_VERSION = 4.0;
				TARGETED_DEVICE_FAMILY = "1,2";
			};
			name = Release;
		};
		A00E3109213392EF00FAECE3 /* Debug */ = {
			isa = XCBuildConfiguration;
			buildSettings = {
				ALWAYS_EMBED_SWIFT_STANDARD_LIBRARIES = YES;
				BUNDLE_LOADER = "$(TEST_HOST)";
				CODE_SIGN_STYLE = Automatic;
				DEVELOPMENT_TEAM = PNR5NT93ZA;
				INFOPLIST_FILE = OutdoorSpacesTests/Info.plist;
				LD_RUNPATH_SEARCH_PATHS = (
					"$(inherited)",
					"@executable_path/Frameworks",
					"@loader_path/Frameworks",
				);
				PRODUCT_BUNDLE_IDENTIFIER = com.SandboxApps.OutdoorSpacesTests;
				PRODUCT_NAME = "$(TARGET_NAME)";
				SWIFT_VERSION = 4.0;
				TARGETED_DEVICE_FAMILY = "1,2";
				TEST_HOST = "$(BUILT_PRODUCTS_DIR)/OutdoorSpaces.app/OutdoorSpaces";
			};
			name = Debug;
		};
		A00E310A213392EF00FAECE3 /* Release */ = {
			isa = XCBuildConfiguration;
			buildSettings = {
				ALWAYS_EMBED_SWIFT_STANDARD_LIBRARIES = YES;
				BUNDLE_LOADER = "$(TEST_HOST)";
				CODE_SIGN_STYLE = Automatic;
				DEVELOPMENT_TEAM = PNR5NT93ZA;
				INFOPLIST_FILE = OutdoorSpacesTests/Info.plist;
				LD_RUNPATH_SEARCH_PATHS = (
					"$(inherited)",
					"@executable_path/Frameworks",
					"@loader_path/Frameworks",
				);
				PRODUCT_BUNDLE_IDENTIFIER = com.SandboxApps.OutdoorSpacesTests;
				PRODUCT_NAME = "$(TARGET_NAME)";
				SWIFT_VERSION = 4.0;
				TARGETED_DEVICE_FAMILY = "1,2";
				TEST_HOST = "$(BUILT_PRODUCTS_DIR)/OutdoorSpaces.app/OutdoorSpaces";
			};
			name = Release;
		};
/* End XCBuildConfiguration section */

/* Begin XCConfigurationList section */
		A00E30E3213392E900FAECE3 /* Build configuration list for PBXProject "OutdoorSpaces" */ = {
			isa = XCConfigurationList;
			buildConfigurations = (
				A00E3103213392EF00FAECE3 /* Debug */,
				A00E3104213392EF00FAECE3 /* Release */,
			);
			defaultConfigurationIsVisible = 0;
			defaultConfigurationName = Release;
		};
		A00E3105213392EF00FAECE3 /* Build configuration list for PBXNativeTarget "OutdoorSpaces" */ = {
			isa = XCConfigurationList;
			buildConfigurations = (
				A00E3106213392EF00FAECE3 /* Debug */,
				A00E3107213392EF00FAECE3 /* Release */,
			);
			defaultConfigurationIsVisible = 0;
			defaultConfigurationName = Release;
		};
		A00E3108213392EF00FAECE3 /* Build configuration list for PBXNativeTarget "OutdoorSpacesTests" */ = {
			isa = XCConfigurationList;
			buildConfigurations = (
				A00E3109213392EF00FAECE3 /* Debug */,
				A00E310A213392EF00FAECE3 /* Release */,
			);
			defaultConfigurationIsVisible = 0;
			defaultConfigurationName = Release;
		};
/* End XCConfigurationList section */
	};
	rootObject = A00E30E0213392E900FAECE3 /* Project object */;
}
